
Microsoft Visual Studio Solution File, Format Version 12.00
# Visual Studio Version 17
VisualStudioVersion = 17.5.002.0
MinimumVisualStudioVersion = 10.0.40219.1
Project("{9A19103F-16F7-4668-BE54-9A1E7A4F7556}") = "PDFjet", "PDFjet.csproj", "{EF5FF5E0-85D9-4892-A932-621FF5A4F3F6}"
EndProject
Global
	GlobalSection(SolutionConfigurationPlatforms) = preSolution
		Debug|Any CPU = Debug|Any CPU
		Release|Any CPU = Release|Any CPU
	EndGlobalSection
	GlobalSection(ProjectConfigurationPlatforms) = postSolution
		{EF5FF5E0-85D9-4892-A932-621FF5A4F3F6}.Debug|Any CPU.ActiveCfg = Debug|Any CPU
		{EF5FF5E0-85D9-4892-A932-621FF5A4F3F6}.Debug|Any CPU.Build.0 = Debug|Any CPU
		{EF5FF5E0-85D9-4892-A932-621FF5A4F3F6}.Release|Any CPU.ActiveCfg = Release|Any CPU
		{EF5FF5E0-85D9-4892-A932-621FF5A4F3F6}.Release|Any CPU.Build.0 = Release|Any CPU
	EndGlobalSection
	GlobalSection(SolutionProperties) = preSolution
		HideSolutionNode = FALSE
	EndGlobalSection
	GlobalSection(ExtensibilityGlobals) = postSolution
		SolutionGuid = {E859B1CD-ECCC-4A70-B5CB-AD9BD3D92678}
	EndGlobalSection
EndGlobal
